
Microsoft Visual Studio Solution File, Format Version 12.00
# Visual Studio Version 17
VisualStudioVersion = 17.5.33627.172
MinimumVisualStudioVersion = 10.0.40219.1
Project("{FAE04EC0-301F-11D3-BF4B-00C04F79EFBC}") = "BusinessObject", "BusinessObject\BusinessObject.csproj", "{06281BA0-2C7C-4741-8DA8-1B18F90604E5}"
EndProject
Project("{FAE04EC0-301F-11D3-BF4B-00C04F79EFBC}") = "DataAccess", "DataAccess\DataAccess.csproj", "{EB34B0AE-4E5B-4616-89E3-307945FECF1C}"
EndProject
Project("{FAE04EC0-301F-11D3-BF4B-00C04F79EFBC}") = "FuMiniHotel", "FuMiniHotel\FuMiniHotel.csproj", "{56A83B40-24FE-4CD2-B1B6-EDAC675691BA}"
EndProject
Global
	GlobalSection(SolutionConfigurationPlatforms) = preSolution
		Debug|Any CPU = Debug|Any CPU
		Release|Any CPU = Release|Any CPU
	EndGlobalSection
	GlobalSection(ProjectConfigurationPlatforms) = postSolution
		{06281BA0-2C7C-4741-8DA8-1B18F90604E5}.Debug|Any CPU.ActiveCfg = Debug|Any CPU
		{06281BA0-2C7C-4741-8DA8-1B18F90604E5}.Debug|Any CPU.Build.0 = Debug|Any CPU
		{06281BA0-2C7C-4741-8DA8-1B18F90604E5}.Release|Any CPU.ActiveCfg = Release|Any CPU
		{06281BA0-2C7C-4741-8DA8-1B18F90604E5}.Release|Any CPU.Build.0 = Release|Any CPU
		{EB34B0AE-4E5B-4616-89E3-307945FECF1C}.Debug|Any CPU.ActiveCfg = Debug|Any CPU
		{EB34B0AE-4E5B-4616-89E3-307945FECF1C}.Debug|Any CPU.Build.0 = Debug|Any CPU
		{EB34B0AE-4E5B-4616-89E3-307945FECF1C}.Release|Any CPU.ActiveCfg = Release|Any CPU
		{EB34B0AE-4E5B-4616-89E3-307945FECF1C}.Release|Any CPU.Build.0 = Release|Any CPU
		{56A83B40-24FE-4CD2-B1B6-EDAC675691BA}.Debug|Any CPU.ActiveCfg = Debug|Any CPU
		{56A83B40-24FE-4CD2-B1B6-EDAC675691BA}.Debug|Any CPU.Build.0 = Debug|Any CPU
		{56A83B40-24FE-4CD2-B1B6-EDAC675691BA}.Release|Any CPU.ActiveCfg = Release|Any CPU
		{56A83B40-24FE-4CD2-B1B6-EDAC675691BA}.Release|Any CPU.Build.0 = Release|Any CPU
	EndGlobalSection
	GlobalSection(SolutionProperties) = preSolution
		HideSolutionNode = FALSE
	EndGlobalSection
	GlobalSection(ExtensibilityGlobals) = postSolution
		SolutionGuid = {5A331C74-6274-47CC-9306-EC7B553E6719}
	EndGlobalSection
EndGlobal
